
Microsoft Visual Studio Solution File, Format Version 12.00
# Visual Studio Version 16
VisualStudioVersion = 16.0.30413.136
MinimumVisualStudioVersion = 10.0.40219.1
Project("{FAE04EC0-301F-11D3-BF4B-00C04F79EFBC}") = "Entity", "Entity\Entity.csproj", "{DFB3A7F0-DB47-4CFE-8A9D-D59D1D7DBBC8}"
EndProject
Project("{FAE04EC0-301F-11D3-BF4B-00C04F79EFBC}") = "DataAccess", "DataAccess\DataAccess.csproj", "{7D587533-C8A3-45E7-B43C-041FAF245E15}"
EndProject
Project("{FAE04EC0-301F-11D3-BF4B-00C04F79EFBC}") = "Business", "Business\Business.csproj", "{FBD78D37-E41E-4A78-9AE6-89574C04EB7A}"
EndProject
Project("{FAE04EC0-301F-11D3-BF4B-00C04F79EFBC}") = "OrderAPI", "OrderAPI\OrderAPI.csproj", "{7B0C2A9E-3AD2-4F33-B2AE-904E1D00F97C}"
EndProject
Global
	GlobalSection(SolutionConfigurationPlatforms) = preSolution
		Debug|Any CPU = Debug|Any CPU
		Release|Any CPU = Release|Any CPU
	EndGlobalSection
	GlobalSection(ProjectConfigurationPlatforms) = postSolution
		{DFB3A7F0-DB47-4CFE-8A9D-D59D1D7DBBC8}.Debug|Any CPU.ActiveCfg = Debug|Any CPU
		{DFB3A7F0-DB47-4CFE-8A9D-D59D1D7DBBC8}.Debug|Any CPU.Build.0 = Debug|Any CPU
		{DFB3A7F0-DB47-4CFE-8A9D-D59D1D7DBBC8}.Release|Any CPU.ActiveCfg = Release|Any CPU
		{DFB3A7F0-DB47-4CFE-8A9D-D59D1D7DBBC8}.Release|Any CPU.Build.0 = Release|Any CPU
		{7D587533-C8A3-45E7-B43C-041FAF245E15}.Debug|Any CPU.ActiveCfg = Debug|Any CPU
		{7D587533-C8A3-45E7-B43C-041FAF245E15}.Debug|Any CPU.Build.0 = Debug|Any CPU
		{7D587533-C8A3-45E7-B43C-041FAF245E15}.Release|Any CPU.ActiveCfg = Release|Any CPU
		{7D587533-C8A3-45E7-B43C-041FAF245E15}.Release|Any CPU.Build.0 = Release|Any CPU
		{FBD78D37-E41E-4A78-9AE6-89574C04EB7A}.Debug|Any CPU.ActiveCfg = Debug|Any CPU
		{FBD78D37-E41E-4A78-9AE6-89574C04EB7A}.Debug|Any CPU.Build.0 = Debug|Any CPU
		{FBD78D37-E41E-4A78-9AE6-89574C04EB7A}.Release|Any CPU.ActiveCfg = Release|Any CPU
		{FBD78D37-E41E-4A78-9AE6-89574C04EB7A}.Release|Any CPU.Build.0 = Release|Any CPU
		{7B0C2A9E-3AD2-4F33-B2AE-904E1D00F97C}.Debug|Any CPU.ActiveCfg = Debug|Any CPU
		{7B0C2A9E-3AD2-4F33-B2AE-904E1D00F97C}.Debug|Any CPU.Build.0 = Debug|Any CPU
		{7B0C2A9E-3AD2-4F33-B2AE-904E1D00F97C}.Release|Any CPU.ActiveCfg = Release|Any CPU
		{7B0C2A9E-3AD2-4F33-B2AE-904E1D00F97C}.Release|Any CPU.Build.0 = Release|Any CPU
	EndGlobalSection
	GlobalSection(SolutionProperties) = preSolution
		HideSolutionNode = FALSE
	EndGlobalSection
	GlobalSection(ExtensibilityGlobals) = postSolution
		SolutionGuid = {81F01260-9677-4D70-8339-EF74B50F9C7E}
	EndGlobalSection
EndGlobal
